version = 1
revision = 3
requires-python = "==3.12"
resolution-markers = [
    "sys_platform == 'win32'",
    "sys_platform == 'emscripten'",
    "sys_platform != 'emscripten' and sys_platform != 'win32'",
]

[[package]]
name = "check-shap"
version = "0.1.0"
source = { virtual = "." }
dependencies = [
    { name = "shap" },
]

[package.metadata]
requires-dist = [{ name = "shap" }]

[[package]]
name = "cloudpickle"
version = "3.1.2"
source = { registry = "https://pypi.org/simple" }
sdist = { url = "https://files.pythonhosted.org/packages/27/fb/576f067976d320f5f0114a8d9fa1215425441bb35627b1993e5afd8111e5/cloudpickle-3.1.2.tar.gz", hash = "sha256:7fda9eb655c9c230dab534f1983763de5835249750e85fbcef43aaa30a9a2414", size = 22330, upload-time = "2025-11-03T09:25:26.604Z" }
wheels = [
    { url = "https://files.pythonhosted.org/packages/88/39/799be3f2f0f38cc727ee3b4f1445fe6d5e4133064ec2e4115069418a5bb6/cloudpickle-3.1.2-py3-none-any.whl", hash = "sha256:9acb47f6afd73f60dc1df93bb801b472f05ff42fa6c84167d25cb206be1fbf4a", size = 22228, upload-time = "2025-11-03T09:25:25.534Z" },
]

[[package]]
name = "colorama"
version = "0.4.6"
source = { registry = "https://pypi.org/simple" }
sdist = { url = "https://files.pythonhosted.org/packages/d8/53/6f443c9a4a8358a93a6792e2acffb9d9d5cb0a5cfd8802644b7b1c9a02e4/colorama-0.4.6.tar.gz", hash = "sha256:08695f5cb7ed6e0531a20572697297273c47b8cae5a63ffc6d6ed5c201be6e44", size = 27697, upload-time = "2022-10-25T02:36:22.414Z" }
wheels = [
    { url = "https://files.pythonhosted.org/packages/d1/d6/3965ed04c63042e047cb6a3e6ed1a63a35087b6a609aa3a15ed8ac56c221/colorama-0.4.6-py2.py3-none-any.whl", hash = "sha256:4f1d9991f5acc0ca119f9d443620b77f9d6b33703e51011c16baf57afb285fc6", size = 25335, upload-time = "2022-10-25T02:36:20.889Z" },
]

[[package]]
name = "joblib"
version = "1.5.3"
source = { registry = "https://pypi.org/simple" }
sdist = { url = "https://files.pythonhosted.org/packages/41/f2/d34e8b3a08a9cc79a50b2208a93dce981fe615b64d5a4d4abee421d898df/joblib-1.5.3.tar.gz", hash = "sha256:8561a3269e6801106863fd0d6d84bb737be9e7631e33aaed3fb9ce5953688da3", size = 331603, upload-time = "2025-12-15T08:41:46.427Z" }
wheels = [
    { url = "https://files.pythonhosted.org/packages/7b/91/984aca2ec129e2757d1e4e3c81c3fcda9d0f85b74670a094cc443d9ee949/joblib-1.5.3-py3-none-any.whl", hash = "sha256:5fc3c5039fc5ca8c0276333a188bbd59d6b7ab37fe6632daa76bc7f9ec18e713", size = 309071, upload-time = "2025-12-15T08:41:44.973Z" },
]

[[package]]
name = "llvmlite"
version = "0.46.0"
source = { registry = "https://pypi.org/simple" }
sdist = { url = "https://files.pythonhosted.org/packages/74/cd/08ae687ba099c7e3d21fe2ea536500563ef1943c5105bf6ab4ee3829f68e/llvmlite-0.46.0.tar.gz", hash = "sha256:227c9fd6d09dce2783c18b754b7cd9d9b3b3515210c46acc2d3c5badd9870ceb", size = 193456, upload-time = "2025-12-08T18:15:36.295Z" }
wheels = [
    { url = "https://files.pythonhosted.org/packages/2b/f8/4db016a5e547d4e054ff2f3b99203d63a497465f81ab78ec8eb2ff7b2304/llvmlite-0.46.0-cp312-cp312-macosx_11_0_arm64.whl", hash = "sha256:6b9588ad4c63b4f0175a3984b85494f0c927c6b001e3a246a3a7fb3920d9a137", size = 37232767, upload-time = "2025-12-08T18:15:00.737Z" },
    { url = "https://files.pythonhosted.org/packages/aa/85/4890a7c14b4fa54400945cb52ac3cd88545bbdb973c440f98ca41591cdc5/llvmlite-0.46.0-cp312-cp312-manylinux2014_x86_64.manylinux_2_17_x86_64.whl", hash = "sha256:3535bd2bb6a2d7ae4012681ac228e5132cdb75fefb1bcb24e33f2f3e0c865ed4", size = 56275176, upload-time = "2025-12-08T18:15:03.936Z" },
    { url = "https://files.pythonhosted.org/packages/6a/07/3d31d39c1a1a08cd5337e78299fca77e6aebc07c059fbd0033e3edfab45c/llvmlite-0.46.0-cp312-cp312-manylinux_2_27_aarch64.manylinux_2_28_aarch64.whl", hash = "sha256:4cbfd366e60ff87ea6cc62f50bc4cd800ebb13ed4c149466f50cf2163a473d1e", size = 55128630, upload-time = "2025-12-08T18:15:07.196Z" },
    { url = "https://files.pythonhosted.org/packages/2a/6b/d139535d7590a1bba1ceb68751bef22fadaa5b815bbdf0e858e3875726b2/llvmlite-0.46.0-cp312-cp312-win_amd64.whl", hash = "sha256:398b39db462c39563a97b912d4f2866cd37cba60537975a09679b28fbbc0fb38", size = 38138940, upload-time = "2025-12-08T18:15:10.162Z" },
]

[[package]]
name = "numba"
version = "0.63.1"
source = { registry = "https://pypi.org/simple" }
dependencies = [
    { name = "llvmlite" },
    { name = "numpy" },
]
sdist = { url = "https://files.pythonhosted.org/packages/dc/60/0145d479b2209bd8fdae5f44201eceb8ce5a23e0ed54c71f57db24618665/numba-0.63.1.tar.gz", hash = "sha256:b320aa675d0e3b17b40364935ea52a7b1c670c9037c39cf92c49502a75902f4b", size = 2761666, upload-time = "2025-12-10T02:57:39.002Z" }
wheels = [
    { url = "https://files.pythonhosted.org/packages/14/9c/c0974cd3d00ff70d30e8ff90522ba5fbb2bcee168a867d2321d8d0457676/numba-0.63.1-cp312-cp312-macosx_11_0_arm64.whl", hash = "sha256:2819cd52afa5d8d04e057bdfd54367575105f8829350d8fb5e4066fb7591cc71", size = 2680981, upload-time = "2025-12-10T02:57:17.579Z" },
    { url = "https://files.pythonhosted.org/packages/cb/70/ea2bc45205f206b7a24ee68a159f5097c9ca7e6466806e7c213587e0c2b1/numba-0.63.1-cp312-cp312-manylinux2014_x86_64.manylinux_2_17_x86_64.whl", hash = "sha256:5cfd45dbd3d409e713b1ccfdc2ee72ca82006860254429f4ef01867fdba5845f", size = 3801656, upload-time = "2025-12-10T02:57:19.106Z" },
    { url = "https://files.pythonhosted.org/packages/0d/82/4f4ba4fd0f99825cbf3cdefd682ca3678be1702b63362011de6e5f71f831/numba-0.63.1-cp312-cp312-manylinux_2_27_aarch64.manylinux_2_28_aarch64.whl", hash = "sha256:69a599df6976c03b7ecf15d05302696f79f7e6d10d620367407517943355bcb0", size = 3501857, upload-time = "2025-12-10T02:57:20.721Z" },
    { url = "https://files.pythonhosted.org/packages/af/fd/6540456efa90b5f6604a86ff50dabefb187e43557e9081adcad3be44f048/numba-0.63.1-cp312-cp312-win_amd64.whl", hash = "sha256:bbad8c63e4fc7eb3cdb2c2da52178e180419f7969f9a685f283b313a70b92af3", size = 2750282, upload-time = "2025-12-10T02:57:22.474Z" },
]

[[package]]
name = "numpy"
version = "2.3.5"
source = { registry = "https://pypi.org/simple" }
sdist = { url = "https://files.pythonhosted.org/packages/76/65/21b3bc86aac7b8f2862db1e808f1ea22b028e30a225a34a5ede9bf8678f2/numpy-2.3.5.tar.gz", hash = "sha256:784db1dcdab56bf0517743e746dfb0f885fc68d948aba86eeec2cba234bdf1c0", size = 20584950, upload-time = "2025-11-16T22:52:42.067Z" }
wheels = [
    { url = "https://files.pythonhosted.org/packages/44/37/e669fe6cbb2b96c62f6bbedc6a81c0f3b7362f6a59230b23caa673a85721/numpy-2.3.5-cp312-cp312-macosx_10_13_x86_64.whl", hash = "sha256:74ae7b798248fe62021dbf3c914245ad45d1a6b0cb4a29ecb4b31d0bfbc4cc3e", size = 16733873, upload-time = "2025-11-16T22:49:49.84Z" },
    { url = "https://files.pythonhosted.org/packages/c5/65/df0db6c097892c9380851ab9e44b52d4f7ba576b833996e0080181c0c439/numpy-2.3.5-cp312-cp312-macosx_11_0_arm64.whl", hash = "sha256:ee3888d9ff7c14604052b2ca5535a30216aa0a58e948cdd3eeb8d3415f638769", size = 12259838, upload-time = "2025-11-16T22:49:52.863Z" },
    { url = "https://files.pythonhosted.org/packages/5b/e1/1ee06e70eb2136797abe847d386e7c0e830b67ad1d43f364dd04fa50d338/numpy-2.3.5-cp312-cp312-macosx_14_0_arm64.whl", hash = "sha256:612a95a17655e213502f60cfb9bf9408efdc9eb1d5f50535cc6eb365d11b42b5", size = 5088378, upload-time = "2025-11-16T22:49:55.055Z" },
    { url = "https://files.pythonhosted.org/packages/6d/9c/1ca85fb86708724275103b81ec4cf1ac1d08f465368acfc8da7ab545bdae/numpy-2.3.5-cp312-cp312-macosx_14_0_x86_64.whl", hash = "sha256:3101e5177d114a593d79dd79658650fe28b5a0d8abeb8ce6f437c0e6df5be1a4", size = 6628559, upload-time = "2025-11-16T22:49:57.371Z" },
    { url = "https://files.pythonhosted.org/packages/74/78/fcd41e5a0ce4f3f7b003da85825acddae6d7ecb60cf25194741b036ca7d6/numpy-2.3.5-cp312-cp312-manylinux_2_27_aarch64.manylinux_2_28_aarch64.whl", hash = "sha256:8b973c57ff8e184109db042c842423ff4f60446239bd585a5131cc47f06f789d", size = 14250702, upload-time = "2025-11-16T22:49:59.632Z" },
    { url = "https://files.pythonhosted.org/packages/b6/23/2a1b231b8ff672b4c450dac27164a8b2ca7d9b7144f9c02d2396518352eb/numpy-2.3.5-cp312-cp312-manylinux_2_27_x86_64.manylinux_2_28_x86_64.whl", hash = "sha256:0d8163f43acde9a73c2a33605353a4f1bc4798745a8b1d73183b28e5b435ae28", size = 16606086, upload-time = "2025-11-16T22:50:02.127Z" },
    { url = "https://files.pythonhosted.org/packages/a0/c5/5ad26fbfbe2012e190cc7d5003e4d874b88bb18861d0829edc140a713021/numpy-2.3.5-cp312-cp312-musllinux_1_2_aarch64.whl", hash = "sha256:51c1e14eb1e154ebd80e860722f9e6ed6ec89714ad2db2d3aa33c31d7c12179b", size = 16025985, upload-time = "2025-11-16T22:50:04.536Z" },
    { url = "https://files.pythonhosted.org/packages/d2/fa/dd48e225c46c819288148d9d060b047fd2a6fb1eb37eae25112ee4cb4453/numpy-2.3.5-cp312-cp312-musllinux_1_2_x86_64.whl", hash = "sha256:b46b4ec24f7293f23adcd2d146960559aaf8020213de8ad1909dba6c013bf89c", size = 18542976, upload-time = "2025-11-16T22:50:07.557Z" },
    { url = "https://files.pythonhosted.org/packages/05/79/ccbd23a75862d95af03d28b5c6901a1b7da4803181513d52f3b86ed9446e/numpy-2.3.5-cp312-cp312-win32.whl", hash = "sha256:3997b5b3c9a771e157f9aae01dd579ee35ad7109be18db0e85dbdbe1de06e952", size = 6285274, upload-time = "2025-11-16T22:50:10.746Z" },
    { url = "https://files.pythonhosted.org/packages/2d/57/8aeaf160312f7f489dea47ab61e430b5cb051f59a98ae68b7133ce8fa06a/numpy-2.3.5-cp312-cp312-win_amd64.whl", hash = "sha256:86945f2ee6d10cdfd67bcb4069c1662dd711f7e2a4343db5cecec06b87cf31aa", size = 12782922, upload-time = "2025-11-16T22:50:12.811Z" },
    { url = "https://files.pythonhosted.org/packages/78/a6/aae5cc2ca78c45e64b9ef22f089141d661516856cf7c8a54ba434576900d/numpy-2.3.5-cp312-cp312-win_arm64.whl", hash = "sha256:f28620fe26bee16243be2b7b874da327312240a7cdc38b769a697578d2100013", size = 10194667, upload-time = "2025-11-16T22:50:16.16Z" },
]

[[package]]
name = "packaging"
version = "26.0"
source = { registry = "https://pypi.org/simple" }
sdist = { url = "https://files.pythonhosted.org/packages/65/ee/299d360cdc32edc7d2cf530f3accf79c4fca01e96ffc950d8a52213bd8e4/packaging-26.0.tar.gz", hash = "sha256:00243ae351a257117b6a241061796684b084ed1c516a08c48a3f7e147a9d80b4", size = 143416, upload-time = "2026-01-21T20:50:39.064Z" }
wheels = [
    { url = "https://files.pythonhosted.org/packages/b7/b9/c538f279a4e237a006a2c98387d081e9eb060d203d8ed34467cc0f0b9b53/packaging-26.0-py3-none-any.whl", hash = "sha256:b36f1fef9334a5588b4166f8bcd26a14e521f2b55e6b9de3aaa80d3ff7a37529", size = 74366, upload-time = "2026-01-21T20:50:37.788Z" },
]

[[package]]
name = "pandas"
version = "3.0.0"
source = { registry = "https://pypi.org/simple" }
dependencies = [
    { name = "numpy" },
    { name = "python-dateutil" },
    { name = "tzdata", marker = "sys_platform == 'emscripten' or sys_platform == 'win32'" },
]
sdist = { url = "https://files.pythonhosted.org/packages/de/da/b1dc0481ab8d55d0f46e343cfe67d4551a0e14fcee52bd38ca1bd73258d8/pandas-3.0.0.tar.gz", hash = "sha256:0facf7e87d38f721f0af46fe70d97373a37701b1c09f7ed7aeeb292ade5c050f", size = 4633005, upload-time = "2026-01-21T15:52:04.726Z" }
wheels = [
    { url = "https://files.pythonhosted.org/packages/0b/38/db33686f4b5fa64d7af40d96361f6a4615b8c6c8f1b3d334eee46ae6160e/pandas-3.0.0-cp312-cp312-macosx_10_13_x86_64.whl", hash = "sha256:9803b31f5039b3c3b10cc858c5e40054adb4b29b4d81cb2fd789f4121c8efbcd", size = 10334013, upload-time = "2026-01-21T15:50:34.771Z" },
    { url = "https://files.pythonhosted.org/packages/a5/7b/9254310594e9774906bacdd4e732415e1f86ab7dbb4b377ef9ede58cd8ec/pandas-3.0.0-cp312-cp312-macosx_11_0_arm64.whl", hash = "sha256:14c2a4099cd38a1d18ff108168ea417909b2dea3bd1ebff2ccf28ddb6a74d740", size = 9874154, upload-time = "2026-01-21T15:50:36.67Z" },
    { url = "https://files.pythonhosted.org/packages/63/d4/726c5a67a13bc66643e66d2e9ff115cead482a44fc56991d0c4014f15aaf/pandas-3.0.0-cp312-cp312-manylinux_2_24_aarch64.manylinux_2_28_aarch64.whl", hash = "sha256:d257699b9a9960e6125686098d5714ac59d05222bef7a5e6af7a7fd87c650801", size = 10384433, upload-time = "2026-01-21T15:50:39.132Z" },
    { url = "https://files.pythonhosted.org/packages/bf/2e/9211f09bedb04f9832122942de8b051804b31a39cfbad199a819bb88d9f3/pandas-3.0.0-cp312-cp312-manylinux_2_24_x86_64.manylinux_2_28_x86_64.whl", hash = "sha256:69780c98f286076dcafca38d8b8eee1676adf220199c0a39f0ecbf976b68151a", size = 10864519, upload-time = "2026-01-21T15:50:41.043Z" },
    { url = "https://files.pythonhosted.org/packages/00/8d/50858522cdc46ac88b9afdc3015e298959a70a08cd21e008a44e9520180c/pandas-3.0.0-cp312-cp312-musllinux_1_2_aarch64.whl", hash = "sha256:4a66384f017240f3858a4c8a7cf21b0591c3ac885cddb7758a589f0f71e87ebb", size = 11394124, upload-time = "2026-01-21T15:50:43.377Z" },
    { url = "https://files.pythonhosted.org/packages/86/3f/83b2577db02503cd93d8e95b0f794ad9d4be0ba7cb6c8bcdcac964a34a42/pandas-3.0.0-cp312-cp312-musllinux_1_2_x86_64.whl", hash = "sha256:be8c515c9bc33989d97b89db66ea0cececb0f6e3c2a87fcc8b69443a6923e95f", size = 11920444, upload-time = "2026-01-21T15:50:45.932Z" },
    { url = "https://files.pythonhosted.org/packages/64/2d/4f8a2f192ed12c90a0aab47f5557ece0e56b0370c49de9454a09de7381b2/pandas-3.0.0-cp312-cp312-win_amd64.whl", hash = "sha256:a453aad8c4f4e9f166436994a33884442ea62aa8b27d007311e87521b97246e1", size = 9730970, upload-time = "2026-01-21T15:50:47.962Z" },
    { url = "https://files.pythonhosted.org/packages/d4/64/ff571be435cf1e643ca98d0945d76732c0b4e9c37191a89c8550b105eed1/pandas-3.0.0-cp312-cp312-win_arm64.whl", hash = "sha256:da768007b5a33057f6d9053563d6b74dd6d029c337d93c6d0d22a763a5c2ecc0", size = 9041950, upload-time = "2026-01-21T15:50:50.422Z" },
]

[[package]]
name = "python-dateutil"
version = "2.9.0.post0"
source = { registry = "https://pypi.org/simple" }
dependencies = [
    { name = "six" },
]
sdist = { url = "https://files.pythonhosted.org/packages/66/c0/0c8b6ad9f17a802ee498c46e004a0eb49bc148f2fd230864601a86dcf6db/python-dateutil-2.9.0.post0.tar.gz", hash = "sha256:37dd54208da7e1cd875388217d5e00ebd4179249f90fb72437e91a35459a0ad3", size = 342432, upload-time = "2024-03-01T18:36:20.211Z" }
wheels = [
    { url = "https://files.pythonhosted.org/packages/ec/57/56b9bcc3c9c6a792fcbaf139543cee77261f3651ca9da0c93f5c1221264b/python_dateutil-2.9.0.post0-py2.py3-none-any.whl", hash = "sha256:a8b2bc7bffae282281c8140a97d3aa9c14da0b136dfe83f850eea9a5f7470427", size = 229892, upload-time = "2024-03-01T18:36:18.57Z" },
]

[[package]]
name = "scikit-learn"
version = "1.8.0"
source = { registry = "https://pypi.org/simple" }
dependencies = [
    { name = "joblib" },
    { name = "numpy" },
    { name = "scipy" },
    { name = "threadpoolctl" },
]
sdist = { url = "https://files.pythonhosted.org/packages/0e/d4/40988bf3b8e34feec1d0e6a051446b1f66225f8529b9309becaeef62b6c4/scikit_learn-1.8.0.tar.gz", hash = "sha256:9bccbb3b40e3de10351f8f5068e105d0f4083b1a65fa07b6634fbc401a6287fd", size = 7335585, upload-time = "2025-12-10T07:08:53.618Z" }
wheels = [
    { url = "https://files.pythonhosted.org/packages/90/74/e6a7cc4b820e95cc38cf36cd74d5aa2b42e8ffc2d21fe5a9a9c45c1c7630/scikit_learn-1.8.0-cp312-cp312-macosx_10_13_x86_64.whl", hash = "sha256:5fb63362b5a7ddab88e52b6dbb47dac3fd7dafeee740dc6c8d8a446ddedade8e", size = 8548242, upload-time = "2025-12-10T07:07:51.568Z" },
    { url = "https://files.pythonhosted.org/packages/49/d8/9be608c6024d021041c7f0b3928d4749a706f4e2c3832bbede4fb4f58c95/scikit_learn-1.8.0-cp312-cp312-macosx_12_0_arm64.whl", hash = "sha256:5025ce924beccb28298246e589c691fe1b8c1c96507e6d27d12c5fadd85bfd76", size = 8079075, upload-time = "2025-12-10T07:07:53.697Z" },
    { url = "https://files.pythonhosted.org/packages/dd/47/f187b4636ff80cc63f21cd40b7b2d177134acaa10f6bb73746130ee8c2e5/scikit_learn-1.8.0-cp312-cp312-manylinux_2_27_aarch64.manylinux_2_28_aarch64.whl", hash = "sha256:4496bb2cf7a43ce1a2d7524a79e40bc5da45cf598dbf9545b7e8316ccba47bb4", size = 8660492, upload-time = "2025-12-10T07:07:55.574Z" },
    { url = "https://files.pythonhosted.org/packages/97/74/b7a304feb2b49df9fafa9382d4d09061a96ee9a9449a7cbea7988dda0828/scikit_learn-1.8.0-cp312-cp312-manylinux_2_27_x86_64.manylinux_2_28_x86_64.whl", hash = "sha256:a0bcfe4d0d14aec44921545fd2af2338c7471de9cb701f1da4c9d85906ab847a", size = 8931904, upload-time = "2025-12-10T07:07:57.666Z" },
    { url = "https://files.pythonhosted.org/packages/9f/c4/0ab22726a04ede56f689476b760f98f8f46607caecff993017ac1b64aa5d/scikit_learn-1.8.0-cp312-cp312-win_amd64.whl", hash = "sha256:35c007dedb2ffe38fe3ee7d201ebac4a2deccd2408e8621d53067733e3c74809", size = 8019359, upload-time = "2025-12-10T07:07:59.838Z" },
    { url = "https://files.pythonhosted.org/packages/24/90/344a67811cfd561d7335c1b96ca21455e7e472d281c3c279c4d3f2300236/scikit_learn-1.8.0-cp312-cp312-win_arm64.whl", hash = "sha256:8c497fff237d7b4e07e9ef1a640887fa4fb765647f86fbe00f969ff6280ce2bb", size = 7641898, upload-time = "2025-12-10T07:08:01.36Z" },
]

[[package]]
name = "scipy"
version = "1.17.0"
source = { registry = "https://pypi.org/simple" }
dependencies = [
    { name = "numpy" },
]
sdist = { url = "https://files.pythonhosted.org/packages/56/3e/9cca699f3486ce6bc12ff46dc2031f1ec8eb9ccc9a320fdaf925f1417426/scipy-1.17.0.tar.gz", hash = "sha256:2591060c8e648d8b96439e111ac41fd8342fdeff1876be2e19dea3fe8930454e", size = 30396830, upload-time = "2026-01-10T21:34:23.009Z" }
wheels = [
    { url = "https://files.pythonhosted.org/packages/0b/11/7241a63e73ba5a516f1930ac8d5b44cbbfabd35ac73a2d08ca206df007c4/scipy-1.17.0-cp312-cp312-macosx_10_14_x86_64.whl", hash = "sha256:0d5018a57c24cb1dd828bcf51d7b10e65986d549f52ef5adb6b4d1ded3e32a57", size = 31364580, upload-time = "2026-01-10T21:25:25.717Z" },
    { url = "https://files.pythonhosted.org/packages/ed/1d/5057f812d4f6adc91a20a2d6f2ebcdb517fdbc87ae3acc5633c9b97c8ba5/scipy-1.17.0-cp312-cp312-macosx_12_0_arm64.whl", hash = "sha256:88c22af9e5d5a4f9e027e26772cc7b5922fab8bcc839edb3ae33de404feebd9e", size = 27969012, upload-time = "2026-01-10T21:25:30.921Z" },
    { url = "https://files.pythonhosted.org/packages/e3/21/f6ec556c1e3b6ec4e088da667d9987bb77cc3ab3026511f427dc8451187d/scipy-1.17.0-cp312-cp312-macosx_14_0_arm64.whl", hash = "sha256:f3cd947f20fe17013d401b64e857c6b2da83cae567adbb75b9dcba865abc66d8", size = 20140691, upload-time = "2026-01-10T21:25:34.802Z" },
    { url = "https://files.pythonhosted.org/packages/7a/fe/5e5ad04784964ba964a96f16c8d4676aa1b51357199014dce58ab7ec5670/scipy-1.17.0-cp312-cp312-macosx_14_0_x86_64.whl", hash = "sha256:e8c0b331c2c1f531eb51f1b4fc9ba709521a712cce58f1aa627bc007421a5306", size = 22463015, upload-time = "2026-01-10T21:25:39.277Z" },
    { url = "https://files.pythonhosted.org/packages/4a/69/7c347e857224fcaf32a34a05183b9d8a7aca25f8f2d10b8a698b8388561a/scipy-1.17.0-cp312-cp312-manylinux_2_27_aarch64.manylinux_2_28_aarch64.whl", hash = "sha256:5194c445d0a1c7a6c1a4a4681b6b7c71baad98ff66d96b949097e7513c9d6742", size = 32724197, upload-time = "2026-01-10T21:25:44.084Z" },
    { url = "https://files.pythonhosted.org/packages/d1/fe/66d73b76d378ba8cc2fe605920c0c75092e3a65ae746e1e767d9d020a75a/scipy-1.17.0-cp312-cp312-manylinux_2_27_x86_64.manylinux_2_28_x86_64.whl", hash = "sha256:9eeb9b5f5997f75507814ed9d298ab23f62cf79f5a3ef90031b1ee2506abdb5b", size = 35009148, upload-time = "2026-01-10T21:25:50.591Z" },
    { url = "https://files.pythonhosted.org/packages/af/07/07dec27d9dc41c18d8c43c69e9e413431d20c53a0339c388bcf72f353c4b/scipy-1.17.0-cp312-cp312-musllinux_1_2_aarch64.whl", hash = "sha256:40052543f7bbe921df4408f46003d6f01c6af109b9e2c8a66dd1cf6cf57f7d5d", size = 34798766, upload-time = "2026-01-10T21:25:59.41Z" },
    { url = "https://files.pythonhosted.org/packages/81/61/0470810c8a093cdacd4ba7504b8a218fd49ca070d79eca23a615f5d9a0b0/scipy-1.17.0-cp312-cp312-musllinux_1_2_x86_64.whl", hash = "sha256:0cf46c8013fec9d3694dc572f0b54100c28405d55d3e2cb15e2895b25057996e", size = 37405953, upload-time = "2026-01-10T21:26:07.75Z" },
    { url = "https://files.pythonhosted.org/packages/92/ce/672ed546f96d5d41ae78c4b9b02006cedd0b3d6f2bf5bb76ea455c320c28/scipy-1.17.0-cp312-cp312-win_amd64.whl", hash = "sha256:0937a0b0d8d593a198cededd4c439a0ea216a3f36653901ea1f3e4be949056f8", size = 36328121, upload-time = "2026-01-10T21:26:16.509Z" },
    { url = "https://files.pythonhosted.org/packages/9d/21/38165845392cae67b61843a52c6455d47d0cc2a40dd495c89f4362944654/scipy-1.17.0-cp312-cp312-win_arm64.whl", hash = "sha256:f603d8a5518c7426414d1d8f82e253e454471de682ce5e39c29adb0df1efb86b", size = 24314368, upload-time = "2026-01-10T21:26:23.087Z" },
]

[[package]]
name = "shap"
version = "0.50.0"
source = { registry = "https://pypi.org/simple" }
dependencies = [
    { name = "cloudpickle" },
    { name = "numba" },
    { name = "numpy" },
    { name = "packaging" },
    { name = "pandas" },
    { name = "scikit-learn" },
    { name = "scipy" },
    { name = "slicer" },
    { name = "tqdm" },
    { name = "typing-extensions" },
]
sdist = { url = "https://files.pythonhosted.org/packages/2b/2c/9ccbfbdf5ceeb914317f9691ef1fca3118d4a997eb5e79bcd8992f56c938/shap-0.50.0.tar.gz", hash = "sha256:bdc559acf7f647bc3bb22c6a1fea9f50716ed357ad595bc357b43082ae4dc6b9", size = 4087800, upload-time = "2025-11-11T18:36:53.363Z" }
wheels = [
    { url = "https://files.pythonhosted.org/packages/6a/72/aa9623c2aa1eb70a3aa23c1a823851cab227232964ab91e3280afa290b31/shap-0.50.0-cp312-cp312-macosx_10_13_x86_64.whl", hash = "sha256:166eb4f14e6fb82e6b9b9a178ac18d5a2798f42f13e9b8b0565450977ae58e0a", size = 558926, upload-time = "2025-11-11T18:36:08.873Z" },
    { url = "https://files.pythonhosted.org/packages/3d/6c/2d7d2c26fe48e8878429a8d23dd5faa6d1043b98657922276a9be71d70cb/shap-0.50.0-cp312-cp312-macosx_11_0_arm64.whl", hash = "sha256:146bafd501d9061fce78e8d927504b0c2a7254a102a17a016c2141adcfeb6170", size = 555519, upload-time = "2025-11-11T18:36:10.38Z" },
    { url = "https://files.pythonhosted.org/packages/22/da/c2de2259c98444394b73d3582b1bbd8db999d529e674fdbcacea295f3a4c/shap-0.50.0-cp312-cp312-manylinux2014_aarch64.manylinux_2_17_aarch64.manylinux_2_28_aarch64.whl", hash = "sha256:5aa229dd3bccd779ae12cee35d68db3366ae2af693b174b446f877898d4cc9ce", size = 1044221, upload-time = "2025-11-11T18:36:11.825Z" },
    { url = "https://files.pythonhosted.org/packages/9c/03/aaa39d180a95edfb096e8c41b328d554d4c6e6069a1f76cde677ce516c1d/shap-0.50.0-cp312-cp312-manylinux2014_x86_64.manylinux_2_17_x86_64.manylinux_2_28_x86_64.whl", hash = "sha256:d8419ff6515a1294bbf370d7f40853abe806046e0d102e405974bcf0821239d0", size = 1056224, upload-time = "2025-11-11T18:36:13.523Z" },
    { url = "https://files.pythonhosted.org/packages/91/bf/41c88a09204d77b0ca3ec1cd51efb9c87af24eb008e6e8d3c2df9a9048ed/shap-0.50.0-cp312-cp312-musllinux_1_2_aarch64.whl", hash = "sha256:62cc66704db8c3439256089d2f3b29a42597d3c24bab1e245ed3800f7c4c4b2a", size = 2007878, upload-time = "2025-11-11T18:36:15.399Z" },
    { url = "https://files.pythonhosted.org/packages/06/79/2562d6c053e45e77d20d9f131fb637a6c38276e4ec6f21a5f9be5a6a392e/shap-0.50.0-cp312-cp312-musllinux_1_2_x86_64.whl", hash = "sha256:404445e957d45ab9d35cbfaeea7184c95845e8a3caf92116ee702a218a34a124", size = 2083599, upload-time = "2025-11-11T18:36:17.072Z" },
    { url = "https://files.pythonhosted.org/packages/c1/29/021db5e35636aae199a40cfdbb87794432bbe9660c5bdbff0867d754e400/shap-0.50.0-cp312-cp312-win_amd64.whl", hash = "sha256:1c9b534eb06d6b6d5f68257be2cc83be4e324aed89884876600ce86dcb6b1818", size = 549302, upload-time = "2025-11-11T18:36:18.627Z" },
]

[[package]]
name = "six"
version = "1.17.0"
source = { registry = "https://pypi.org/simple" }
sdist = { url = "https://files.pythonhosted.org/packages/94/e7/b2c673351809dca68a0e064b6af791aa332cf192da575fd474ed7d6f16a2/six-1.17.0.tar.gz", hash = "sha256:ff70335d468e7eb6ec65b95b99d3a2836546063f63acc5171de367e834932a81", size = 34031, upload-time = "2024-12-04T17:35:28.174Z" }
wheels = [
    { url = "https://files.pythonhosted.org/packages/b7/ce/149a00dd41f10bc29e5921b496af8b574d8413afcd5e30dfa0ed46c2cc5e/six-1.17.0-py2.py3-none-any.whl", hash = "sha256:4721f391ed90541fddacab5acf947aa0d3dc7d27b2e1e8eda2be8970586c3274", size = 11050, upload-time = "2024-12-04T17:35:26.475Z" },
]

[[package]]
name = "slicer"
version = "0.0.8"
source = { registry = "https://pypi.org/simple" }
sdist = { url = "https://files.pythonhosted.org/packages/d3/f9/b4bce2825b39b57760b361e6131a3dacee3d8951c58cb97ad120abb90317/slicer-0.0.8.tar.gz", hash = "sha256:2e7553af73f0c0c2d355f4afcc3ecf97c6f2156fcf4593955c3f56cf6c4d6eb7", size = 14894, upload-time = "2024-03-09T23:35:26.826Z" }
wheels = [
    { url = "https://files.pythonhosted.org/packages/63/81/9ef641ff4e12cbcca30e54e72fb0951a2ba195d0cda0ba4100e532d929db/slicer-0.0.8-py3-none-any.whl", hash = "sha256:6c206258543aecd010d497dc2eca9d2805860a0b3758673903456b7df7934dc3", size = 15251, upload-time = "2024-03-09T07:03:07.708Z" },
]

[[package]]
name = "threadpoolctl"
version = "3.6.0"
source = { registry = "https://pypi.org/simple" }
sdist = { url = "https://files.pythonhosted.org/packages/b7/4d/08c89e34946fce2aec4fbb45c9016efd5f4d7f24af8e5d93296e935631d8/threadpoolctl-3.6.0.tar.gz", hash = "sha256:8ab8b4aa3491d812b623328249fab5302a68d2d71745c8a4c719a2fcaba9f44e", size = 21274, upload-time = "2025-03-13T13:49:23.031Z" }
wheels = [
    { url = "https://files.pythonhosted.org/packages/32/d5/f9a850d79b0851d1d4ef6456097579a9005b31fea68726a4ae5f2d82ddd9/threadpoolctl-3.6.0-py3-none-any.whl", hash = "sha256:43a0b8fd5a2928500110039e43a5eed8480b918967083ea48dc3ab9f13c4a7fb", size = 18638, upload-time = "2025-03-13T13:49:21.846Z" },
]

[[package]]
name = "tqdm"
version = "4.67.3"
source = { registry = "https://pypi.org/simple" }
dependencies = [
    { name = "colorama", marker = "sys_platform == 'win32'" },
]
sdist = { url = "https://files.pythonhosted.org/packages/09/a9/6ba95a270c6f1fbcd8dac228323f2777d886cb206987444e4bce66338dd4/tqdm-4.67.3.tar.gz", hash = "sha256:7d825f03f89244ef73f1d4ce193cb1774a8179fd96f31d7e1dcde62092b960bb", size = 169598, upload-time = "2026-02-03T17:35:53.048Z" }
wheels = [
    { url = "https://files.pythonhosted.org/packages/16/e1/3079a9ff9b8e11b846c6ac5c8b5bfb7ff225eee721825310c91b3b50304f/tqdm-4.67.3-py3-none-any.whl", hash = "sha256:ee1e4c0e59148062281c49d80b25b67771a127c85fc9676d3be5f243206826bf", size = 78374, upload-time = "2026-02-03T17:35:50.982Z" },
]

[[package]]
name = "typing-extensions"
version = "4.15.0"
source = { registry = "https://pypi.org/simple" }
sdist = { url = "https://files.pythonhosted.org/packages/72/94/1a15dd82efb362ac84269196e94cf00f187f7ed21c242792a923cdb1c61f/typing_extensions-4.15.0.tar.gz", hash = "sha256:0cea48d173cc12fa28ecabc3b837ea3cf6f38c6d1136f85cbaaf598984861466", size = 109391, upload-time = "2025-08-25T13:49:26.313Z" }
wheels = [
    { url = "https://files.pythonhosted.org/packages/18/67/36e9267722cc04a6b9f15c7f3441c2363321a3ea07da7ae0c0707beb2a9c/typing_extensions-4.15.0-py3-none-any.whl", hash = "sha256:f0fa19c6845758ab08074a0cfa8b7aecb71c999ca73d62883bc25cc018c4e548", size = 44614, upload-time = "2025-08-25T13:49:24.86Z" },
]

[[package]]
name = "tzdata"
version = "2025.3"
source = { registry = "https://pypi.org/simple" }
sdist = { url = "https://files.pythonhosted.org/packages/5e/a7/c202b344c5ca7daf398f3b8a477eeb205cf3b6f32e7ec3a6bac0629ca975/tzdata-2025.3.tar.gz", hash = "sha256:de39c2ca5dc7b0344f2eba86f49d614019d29f060fc4ebc8a417896a620b56a7", size = 196772, upload-time = "2025-12-13T17:45:35.667Z" }
wheels = [
    { url = "https://files.pythonhosted.org/packages/c7/b0/003792df09decd6849a5e39c28b513c06e84436a54440380862b5aeff25d/tzdata-2025.3-py2.py3-none-any.whl", hash = "sha256:06a47e5700f3081aab02b2e513160914ff0694bce9947d6b76ebd6bf57cfc5d1", size = 348521, upload-time = "2025-12-13T17:45:33.889Z" },
]
