version = 1
revision = 3
requires-python = ">=3.12"

[[package]]
name = "check-pyside6"
version = "0.1.0"
source = { virtual = "." }
dependencies = [
    { name = "pyside6" },
    { name = "wxpython" },
]

[package.metadata]
requires-dist = [
    { name = "pyside6" },
    { name = "wxpython" },
]

[[package]]
name = "pyside6"
version = "6.11.1"
source = { registry = "https://pypi.org/simple" }
dependencies = [
    { name = "pyside6-addons" },
    { name = "pyside6-essentials" },
    { name = "shiboken6" },
]
wheels = [
    { url = "https://files.pythonhosted.org/packages/da/a6/27ba5947ed48918f7b74b7c43a1e280aac069e36f25adeb4c9adfac835c4/pyside6-6.11.1-cp310-abi3-macosx_13_0_universal2.whl", hash = "sha256:537682c3b7530817203e667c1f5a2f00486b37bf52c52eeab438544c7a0917f6", size = 571921, upload-time = "2026-05-13T09:47:36.402Z" },
    { url = "https://files.pythonhosted.org/packages/d8/de/af89d71410c83b10654d86ff9aff2a4f87c30163658f1cc145242e222526/pyside6-6.11.1-cp310-abi3-manylinux_2_34_x86_64.whl", hash = "sha256:b1fc521ba2bb5109425ab8add06bddbdd524abcad06cfa012cc39a22a189feb2", size = 572102, upload-time = "2026-05-13T09:47:38.249Z" },
    { url = "https://files.pythonhosted.org/packages/b6/0e/d583bd3f7bf5046a4497b36f3902cfb64aa29554489a5a25c18e6b4ac0ac/pyside6-6.11.1-cp310-abi3-manylinux_2_39_aarch64.whl", hash = "sha256:75f0005c3eb95c07cfb65522ec50d0815ac007a96482c21dc3cb4b4c04895d84", size = 572098, upload-time = "2026-05-13T09:47:39.44Z" },
    { url = "https://files.pythonhosted.org/packages/57/f2/d9d8ce1373dabb37e5919f63cd18446556079631d3f2eea3ada03c29f6b8/pyside6-6.11.1-cp310-abi3-win_amd64.whl", hash = "sha256:0968877ab1fb4ef3587a284da6fe05e8647ada56a6a3750b6395188e01f4aba6", size = 578377, upload-time = "2026-05-13T09:47:40.76Z" },
    { url = "https://files.pythonhosted.org/packages/96/02/a6057d8bd2bdb1940820fff2d627fdf4013148c9c57adf69fa40d3452ac3/pyside6-6.11.1-cp310-abi3-win_arm64.whl", hash = "sha256:acee467cb5f256cc47ebb9d815a054c1d8416da380c191b247a76d164aa3f805", size = 561765, upload-time = "2026-05-13T09:47:41.9Z" },
]

[[package]]
name = "pyside6-addons"
version = "6.11.1"
source = { registry = "https://pypi.org/simple" }
dependencies = [
    { name = "pyside6-essentials" },
    { name = "shiboken6" },
]
wheels = [
    { url = "https://files.pythonhosted.org/packages/3f/6b/8bc94aff48b63f788f2d84e5467c12362d68906ba742c0942f46cb04c879/pyside6_addons-6.11.1-cp310-abi3-macosx_13_0_universal2.whl", hash = "sha256:54733c77f789bef5f03c6aff4ad3bec8b2eff021f0cfcbc53d5e6c250ded24f9", size = 331714589, upload-time = "2026-05-13T09:39:12.36Z" },
    { url = "https://files.pythonhosted.org/packages/dd/62/fb1428a523b2a4541e232aab50d9e789e6b4526f37fd9593452a7ea5b6b3/pyside6_addons-6.11.1-cp310-abi3-manylinux_2_34_x86_64.whl", hash = "sha256:8e6c65fbd73a512d6f72cda8d8277444a85a34dc99dd1dae9c21d35b8671bb1f", size = 175063224, upload-time = "2026-05-13T09:39:34.185Z" },
    { url = "https://files.pythonhosted.org/packages/ee/9b/2ccd52f66db55c06de65d0501170a1935d04d64d0a230c0d892284a02ce3/pyside6_addons-6.11.1-cp310-abi3-manylinux_2_39_aarch64.whl", hash = "sha256:bf1c6c4e954e5eba3d2a7c661ad4b9689e8f09c7f4a16bdf29713371d11af993", size = 170553429, upload-time = "2026-05-13T09:39:54.424Z" },
    { url = "https://files.pythonhosted.org/packages/9a/bd/8adc4d350b3b363f3dfc8fccdcf5bfed25f7e36c2fff30c64e106f4f1572/pyside6_addons-6.11.1-cp310-abi3-win_amd64.whl", hash = "sha256:0d13c4dfd671b050a48e4f8d8ddc724b7248f9c0437e7fc47fdf316278572923", size = 168816308, upload-time = "2026-05-13T09:40:13.541Z" },
    { url = "https://files.pythonhosted.org/packages/65/b7/9a840d97f0f0f04e372a87e205dd30ee285b4e3b021b188459a917c9dc76/pyside6_addons-6.11.1-cp310-abi3-win_arm64.whl", hash = "sha256:3494f480dee92f415be2f2d989c0b3f4755ac332b28045cbf4ba0f5c5a22ba37", size = 35759347, upload-time = "2026-05-13T09:40:21.199Z" },
]

[[package]]
name = "pyside6-essentials"
version = "6.11.1"
source = { registry = "https://pypi.org/simple" }
dependencies = [
    { name = "shiboken6" },
]
wheels = [
    { url = "https://files.pythonhosted.org/packages/b3/da/10d9197e7370eb4fed8df5fc547b7548dec88e5c5949e2d450db4ae96feb/pyside6_essentials-6.11.1-cp310-abi3-macosx_13_0_universal2.whl", hash = "sha256:228de53c2bc26b07e5021fbe3614fc44ca08e4dab9999af08c2b389d2c239957", size = 110352945, upload-time = "2026-05-13T09:43:08.006Z" },
    { url = "https://files.pythonhosted.org/packages/5c/49/0e1237c4400bec7e335d2c4eeb49bc40d9fd88a9ac44ca9083ce1abdc308/pyside6_essentials-6.11.1-cp310-abi3-manylinux_2_34_x86_64.whl", hash = "sha256:e3ef7027b41e4e55fadb56e3b3257dc8ee92154b639fe67fc4c8e05e9d976c60", size = 79908535, upload-time = "2026-05-13T09:43:24.836Z" },
    { url = "https://files.pythonhosted.org/packages/4c/c5/da4c5f23c6540ac5211a1f60177c8dee84b1bf40f2719479587ab8c60731/pyside6_essentials-6.11.1-cp310-abi3-manylinux_2_39_aarch64.whl", hash = "sha256:a039b6da68a3a4b9d243217b2b98d475eed3f617159ef6be925badab53c11b0d", size = 78960051, upload-time = "2026-05-13T09:43:35.423Z" },
    { url = "https://files.pythonhosted.org/packages/64/0e/b663ecc96ca57b5c91b83b6615d6b174380b0faf30338125c26e053d6aa7/pyside6_essentials-6.11.1-cp310-abi3-win_amd64.whl", hash = "sha256:63311bd48e32c584599ab04b9ef7c324082374cd2c9fa533f978fb893bb47e40", size = 77549267, upload-time = "2026-05-13T09:43:44.92Z" },
    { url = "https://files.pythonhosted.org/packages/f1/12/eb6723faf5cb7fa581145da1c15f40d641b96e080f0491af2f1859fdeedb/pyside6_essentials-6.11.1-cp310-abi3-win_arm64.whl", hash = "sha256:11253ea52aabecefe9febddbbe78b43a824129e3af1cec98431028fba7fa954f", size = 57964512, upload-time = "2026-05-13T09:43:52.968Z" },
]

[[package]]
name = "shiboken6"
version = "6.11.1"
source = { registry = "https://pypi.org/simple" }
wheels = [
    { url = "https://files.pythonhosted.org/packages/17/f3/f2b63df0251e7cd3172ea28e32ede52739de9566bcefcd0178681538ac81/shiboken6-6.11.1-cp310-abi3-macosx_13_0_universal2.whl", hash = "sha256:1a16867f103ef1c662a5f09dfed03273a9f81688b174555162c58e83650a3f02", size = 476874, upload-time = "2026-05-13T09:47:01.091Z" },
    { url = "https://files.pythonhosted.org/packages/c7/9b/e0355d8897b5c150770f1d95718aad17d432fcc9c035c04f3f58427d4693/shiboken6-6.11.1-cp310-abi3-manylinux_2_34_x86_64.whl", hash = "sha256:9a8bccfafc8805254cabcfa1edfaf55cd52889f4998c91ad0d9a4433fb1bcdbe", size = 272222, upload-time = "2026-05-13T09:47:02.653Z" },
    { url = "https://files.pythonhosted.org/packages/57/d5/dd4f1defed400be03340f2ede34b61f846776650b4e7ed9ebaf4c71979a2/shiboken6-6.11.1-cp310-abi3-manylinux_2_39_aarch64.whl", hash = "sha256:1bd2f4314414df2d122d9f646e03b731bc6d6b5f77a5f53f99a4fe4e97d84e6f", size = 270350, upload-time = "2026-05-13T09:47:04.02Z" },
    { url = "https://files.pythonhosted.org/packages/52/b5/3f6fb2ee65b534193fb4ef713dd619dc31dadff5d12c16979a7699ad58be/shiboken6-6.11.1-cp310-abi3-win_amd64.whl", hash = "sha256:c2c6863aa80ec18c0f82cea3417837b279cdc60024ac17123461dc9042577df7", size = 1223647, upload-time = "2026-05-13T09:47:05.924Z" },
    { url = "https://files.pythonhosted.org/packages/98/d1/f15ca0e1666faae02c945f48e745ea35f8fcd8243b176109b4e2c4251f47/shiboken6-6.11.1-cp310-abi3-win_arm64.whl", hash = "sha256:7c8d9af17db4495d4fa5b1c393f218311c4855546b9dfa6a0bd21bcd66b55e9d", size = 1784170, upload-time = "2026-05-13T09:47:07.617Z" },
]

[[package]]
name = "wxpython"
version = "4.2.5"
source = { registry = "https://pypi.org/simple" }
sdist = { url = "https://files.pythonhosted.org/packages/22/43/81657a6b126ffc19163500a8184d683cec08eb4e1d06905cd0c371c702d0/wxpython-4.2.5.tar.gz", hash = "sha256:44e836d1bccd99c38790bb034b6ecf70d9060f6734320560f7c4b0d006144793", size = 58732217, upload-time = "2026-02-08T20:40:42.086Z" }
wheels = [
    { url = "https://files.pythonhosted.org/packages/cc/b7/aa689ba41312a94079e692f7a5a5c0bd1c6086bc929c9eb13f3b5c6bda58/wxpython-4.2.5-cp312-cp312-macosx_11_0_arm64.whl", hash = "sha256:310772b05372c2daa76fefa7e57d20106b522d53b49d3edc3d9ac1fde7e3782e", size = 17774402, upload-time = "2026-02-08T20:39:57.348Z" },
    { url = "https://files.pythonhosted.org/packages/21/66/4ea97c2b6e8e627e645b3a8a2f6e4d5db3c1799845d730fd3df91b5ac294/wxpython-4.2.5-cp312-cp312-macosx_14_0_x86_64.whl", hash = "sha256:10bba0d56547f34d12b5450e8c73e32ff821aed10a2f34a0c666c8355eb9ee98", size = 18855177, upload-time = "2026-02-08T20:40:00.588Z" },
    { url = "https://files.pythonhosted.org/packages/5d/3a/5136bf39877640c8a254f1370279943366d04d321461a450fcef53722f38/wxpython-4.2.5-cp312-cp312-win32.whl", hash = "sha256:e7079d9a7374b3fd5896bdea7c73faa8da52e1fbcce5368796b5c22d7de747a6", size = 14519633, upload-time = "2026-02-08T20:40:03.577Z" },
    { url = "https://files.pythonhosted.org/packages/99/5d/2c2c9dbf78f9524daf79014337e193531332c3598b16ccc11290dad9c17f/wxpython-4.2.5-cp312-cp312-win_amd64.whl", hash = "sha256:c54962f0524662d16591a03c786cd4d71bc43c70ede8244e0a5a59aa3979d124", size = 16577057, upload-time = "2026-02-08T20:40:06.002Z" },
    { url = "https://files.pythonhosted.org/packages/b4/10/a7ed092d0426cc98ab1a907c9e6161d8846e0de0450447b877048a8ef4e3/wxpython-4.2.5-cp312-cp312-win_arm64.whl", hash = "sha256:cda1fb351caa4555bd18717f610c9a3b03d25e64db4a22e004b141f91d02fa8c", size = 15537110, upload-time = "2026-02-08T20:40:09.022Z" },
    { url = "https://files.pythonhosted.org/packages/e4/b9/1fee711ad5c26e7bbd4e10fae14b2ce0499684a084c3c60169373496ceae/wxpython-4.2.5-cp313-cp313-macosx_11_0_arm64.whl", hash = "sha256:5f7ec6b028e8b1c4cad1ecb5c8402c2cae7840a25758be0fc209e56df86d1cac", size = 17775906, upload-time = "2026-02-08T20:40:12.031Z" },
    { url = "https://files.pythonhosted.org/packages/3d/53/521a79cbb169ab6b123e79ea23ebafe3046c1999a431b6fc864f1217bb86/wxpython-4.2.5-cp313-cp313-macosx_14_0_x86_64.whl", hash = "sha256:77ac5335d8e4aae92732fc039df24a58181cdfb5bc7931692f1f9415e9eeee7d", size = 18857767, upload-time = "2026-02-08T20:40:14.486Z" },
    { url = "https://files.pythonhosted.org/packages/c4/ea/a69ad0a1e7b01876619982b6cf8db0e26d0f3776b9be73b61d9f0662a2ce/wxpython-4.2.5-cp313-cp313-win32.whl", hash = "sha256:0985f190565b94635f146989886196a7e9faced8911800910460919cb72668cc", size = 14520419, upload-time = "2026-02-08T20:40:17.401Z" },
    { url = "https://files.pythonhosted.org/packages/a8/bd/d2698369dbc43aa5c9324c23fdd5cd3b23c245861e334b1d976209913f90/wxpython-4.2.5-cp313-cp313-win_amd64.whl", hash = "sha256:3fd3649fc4752f1a02776b7057073c932e5229bbab2031762b01532bcc6bd074", size = 16576741, upload-time = "2026-02-08T20:40:20.646Z" },
    { url = "https://files.pythonhosted.org/packages/cb/4e/4181734a2bc05940ba4feb3feb2474416b1dc12c329a2ac164632582c4d6/wxpython-4.2.5-cp313-cp313-win_arm64.whl", hash = "sha256:b794d9912464990ea1fd3744fb73fbd7446149e230e5a611ba40eb4ac74755a1", size = 15537287, upload-time = "2026-02-08T20:40:24.658Z" },
    { url = "https://files.pythonhosted.org/packages/e5/a1/9d8a7c5f60bb311257b04e3a3d9bbf12e4ab1fcc92811a007bbdf43b1e5f/wxpython-4.2.5-cp314-cp314-macosx_11_0_arm64.whl", hash = "sha256:af2d8388eb3f0d8eaae0713a35c307293435ec279f215a2bbf521b738d7fc91b", size = 17783876, upload-time = "2026-02-08T20:40:27.739Z" },
    { url = "https://files.pythonhosted.org/packages/e9/9c/32862d321db8927f37d2572e606cf480e013942e5c6ce39fef37c4a713cb/wxpython-4.2.5-cp314-cp314-macosx_14_0_x86_64.whl", hash = "sha256:1925485c9b90e79f869272eff2b99438538b00505f9d148d51358dc8e92116b6", size = 18864211, upload-time = "2026-02-08T20:40:30.523Z" },
    { url = "https://files.pythonhosted.org/packages/51/a7/261bf54686192ebefc42b494da97ba3312bd01c1d37a964f0cb83f271cf0/wxpython-4.2.5-cp314-cp314-win32.whl", hash = "sha256:230ecb4de65a8d2f8bc30bccd4d64366ac3a7cf53759b77920de927d156ad9c5", size = 14859697, upload-time = "2026-02-08T20:40:33.108Z" },
    { url = "https://files.pythonhosted.org/packages/fd/9a/73f12041178db3728a809ce37c2b64409291cb45567b2918df478f0ceb20/wxpython-4.2.5-cp314-cp314-win_amd64.whl", hash = "sha256:eb1c228f0c20ed93f2799ebd81780abc7fd65cfa8f6b65e989b68c0c18c52707", size = 16947346, upload-time = "2026-02-08T20:40:35.583Z" },
    { url = "https://files.pythonhosted.org/packages/b6/49/3a39f5fe78a7194c848919c4b681f432fe937006e2e5182a17dd519f8c91/wxpython-4.2.5-cp314-cp314-win_arm64.whl", hash = "sha256:d4439bf4b18ac720afbcf51c37d7822ba62ab6999501e96cce1dfc2f55a19344", size = 15809574, upload-time = "2026-02-08T20:40:38.859Z" },
]
